
Microsoft Visual Studio Solution File, Format Version 12.00
Project("{FAE04EC0-301F-11D3-BF4B-00C04F79EFBC}") = "SOFTW2_Uebungen", "SOFTW2_Uebungen\SOFTW2_Uebungen.csproj", "{0F0D14CB-9344-4220-9AD8-DD9D65983176}"
EndProject
Global
	GlobalSection(SolutionConfigurationPlatforms) = preSolution
		Debug|Any CPU = Debug|Any CPU
		Release|Any CPU = Release|Any CPU
	EndGlobalSection
	GlobalSection(ProjectConfigurationPlatforms) = postSolution
		{0F0D14CB-9344-4220-9AD8-DD9D65983176}.Debug|Any CPU.ActiveCfg = Debug|Any CPU
		{0F0D14CB-9344-4220-9AD8-DD9D65983176}.Debug|Any CPU.Build.0 = Debug|Any CPU
		{0F0D14CB-9344-4220-9AD8-DD9D65983176}.Release|Any CPU.ActiveCfg = Release|Any CPU
		{0F0D14CB-9344-4220-9AD8-DD9D65983176}.Release|Any CPU.Build.0 = Release|Any CPU
	EndGlobalSection
EndGlobal
